
Microsoft Visual Studio Solution File, Format Version 12.00
# Visual Studio Version 17
VisualStudioVersion = 17.3.32922.545
MinimumVisualStudioVersion = 10.0.40219.1
Project("{FAE04EC0-301F-11D3-BF4B-00C04F79EFBC}") = "DZ_1_c_dies", "DZ_1_c_dies\DZ_1_c_dies.csproj", "{22EE7B54-3B0D-406F-BF67-649A784BFF0F}"
EndProject
Global
	GlobalSection(SolutionConfigurationPlatforms) = preSolution
		Debug|Any CPU = Debug|Any CPU
		Release|Any CPU = Release|Any CPU
	EndGlobalSection
	GlobalSection(ProjectConfigurationPlatforms) = postSolution
		{22EE7B54-3B0D-406F-BF67-649A784BFF0F}.Debug|Any CPU.ActiveCfg = Debug|Any CPU
		{22EE7B54-3B0D-406F-BF67-649A784BFF0F}.Debug|Any CPU.Build.0 = Debug|Any CPU
		{22EE7B54-3B0D-406F-BF67-649A784BFF0F}.Release|Any CPU.ActiveCfg = Release|Any CPU
		{22EE7B54-3B0D-406F-BF67-649A784BFF0F}.Release|Any CPU.Build.0 = Release|Any CPU
	EndGlobalSection
	GlobalSection(SolutionProperties) = preSolution
		HideSolutionNode = FALSE
	EndGlobalSection
	GlobalSection(ExtensibilityGlobals) = postSolution
		SolutionGuid = {C94A391E-101A-4D56-83DD-B5B28D686571}
	EndGlobalSection
EndGlobal
